
Microsoft Visual Studio Solution File, Format Version 12.00
# Visual Studio 2013
VisualStudioVersion = 12.0.21005.1
MinimumVisualStudioVersion = 10.0.40219.1
Project("{FAE04EC0-301F-11D3-BF4B-00C04F79EFBC}") = "RuntimeProxy", "RuntimeProxy\RuntimeProxy.csproj", "{57CF3CE5-D2EB-454A-9D76-25B0642345BA}"
EndProject
Project("{FAE04EC0-301F-11D3-BF4B-00C04F79EFBC}") = "TestApp", "TestApp\TestApp.csproj", "{25AD37E7-A500-43F3-9B4B-1F2EEF223460}"
EndProject
Global
	GlobalSection(SolutionConfigurationPlatforms) = preSolution
		Debug|Any CPU = Debug|Any CPU
		Debug|ARM = Debug|ARM
		Debug|x64 = Debug|x64
		Debug|x86 = Debug|x86
		Release|Any CPU = Release|Any CPU
		Release|ARM = Release|ARM
		Release|x64 = Release|x64
		Release|x86 = Release|x86
	EndGlobalSection
	GlobalSection(ProjectConfigurationPlatforms) = postSolution
		{57CF3CE5-D2EB-454A-9D76-25B0642345BA}.Debug|Any CPU.ActiveCfg = Debug|Any CPU
		{57CF3CE5-D2EB-454A-9D76-25B0642345BA}.Debug|Any CPU.Build.0 = Debug|Any CPU
		{57CF3CE5-D2EB-454A-9D76-25B0642345BA}.Debug|ARM.ActiveCfg = Debug|ARM
		{57CF3CE5-D2EB-454A-9D76-25B0642345BA}.Debug|ARM.Build.0 = Debug|ARM
		{57CF3CE5-D2EB-454A-9D76-25B0642345BA}.Debug|x64.ActiveCfg = Debug|x64
		{57CF3CE5-D2EB-454A-9D76-25B0642345BA}.Debug|x64.Build.0 = Debug|x64
		{57CF3CE5-D2EB-454A-9D76-25B0642345BA}.Debug|x86.ActiveCfg = Debug|x86
		{57CF3CE5-D2EB-454A-9D76-25B0642345BA}.Debug|x86.Build.0 = Debug|x86
		{57CF3CE5-D2EB-454A-9D76-25B0642345BA}.Release|Any CPU.ActiveCfg = Release|Any CPU
		{57CF3CE5-D2EB-454A-9D76-25B0642345BA}.Release|Any CPU.Build.0 = Release|Any CPU
		{57CF3CE5-D2EB-454A-9D76-25B0642345BA}.Release|ARM.ActiveCfg = Release|ARM
		{57CF3CE5-D2EB-454A-9D76-25B0642345BA}.Release|ARM.Build.0 = Release|ARM
		{57CF3CE5-D2EB-454A-9D76-25B0642345BA}.Release|x64.ActiveCfg = Release|x64
		{57CF3CE5-D2EB-454A-9D76-25B0642345BA}.Release|x64.Build.0 = Release|x64
		{57CF3CE5-D2EB-454A-9D76-25B0642345BA}.Release|x86.ActiveCfg = Release|x86
		{57CF3CE5-D2EB-454A-9D76-25B0642345BA}.Release|x86.Build.0 = Release|x86
		{25AD37E7-A500-43F3-9B4B-1F2EEF223460}.Debug|Any CPU.ActiveCfg = Debug|Any CPU
		{25AD37E7-A500-43F3-9B4B-1F2EEF223460}.Debug|Any CPU.Build.0 = Debug|Any CPU
		{25AD37E7-A500-43F3-9B4B-1F2EEF223460}.Debug|Any CPU.Deploy.0 = Debug|Any CPU
		{25AD37E7-A500-43F3-9B4B-1F2EEF223460}.Debug|ARM.ActiveCfg = Debug|ARM
		{25AD37E7-A500-43F3-9B4B-1F2EEF223460}.Debug|ARM.Build.0 = Debug|ARM
		{25AD37E7-A500-43F3-9B4B-1F2EEF223460}.Debug|ARM.Deploy.0 = Debug|ARM
		{25AD37E7-A500-43F3-9B4B-1F2EEF223460}.Debug|x64.ActiveCfg = Debug|x64
		{25AD37E7-A500-43F3-9B4B-1F2EEF223460}.Debug|x64.Build.0 = Debug|x64
		{25AD37E7-A500-43F3-9B4B-1F2EEF223460}.Debug|x64.Deploy.0 = Debug|x64
		{25AD37E7-A500-43F3-9B4B-1F2EEF223460}.Debug|x86.ActiveCfg = Debug|x86
		{25AD37E7-A500-43F3-9B4B-1F2EEF223460}.Debug|x86.Build.0 = Debug|x86
		{25AD37E7-A500-43F3-9B4B-1F2EEF223460}.Debug|x86.Deploy.0 = Debug|x86
		{25AD37E7-A500-43F3-9B4B-1F2EEF223460}.Release|Any CPU.ActiveCfg = Release|Any CPU
		{25AD37E7-A500-43F3-9B4B-1F2EEF223460}.Release|Any CPU.Build.0 = Release|Any CPU
		{25AD37E7-A500-43F3-9B4B-1F2EEF223460}.Release|Any CPU.Deploy.0 = Release|Any CPU
		{25AD37E7-A500-43F3-9B4B-1F2EEF223460}.Release|ARM.ActiveCfg = Release|ARM
		{25AD37E7-A500-43F3-9B4B-1F2EEF223460}.Release|ARM.Build.0 = Release|ARM
		{25AD37E7-A500-43F3-9B4B-1F2EEF223460}.Release|ARM.Deploy.0 = Release|ARM
		{25AD37E7-A500-43F3-9B4B-1F2EEF223460}.Release|x64.ActiveCfg = Release|x64
		{25AD37E7-A500-43F3-9B4B-1F2EEF223460}.Release|x64.Build.0 = Release|x64
		{25AD37E7-A500-43F3-9B4B-1F2EEF223460}.Release|x64.Deploy.0 = Release|x64
		{25AD37E7-A500-43F3-9B4B-1F2EEF223460}.Release|x86.ActiveCfg = Release|x86
		{25AD37E7-A500-43F3-9B4B-1F2EEF223460}.Release|x86.Build.0 = Release|x86
		{25AD37E7-A500-43F3-9B4B-1F2EEF223460}.Release|x86.Deploy.0 = Release|x86
	EndGlobalSection
	GlobalSection(SolutionProperties) = preSolution
		HideSolutionNode = FALSE
	EndGlobalSection
EndGlobal
